lockfileVersion: '9.0'

settings:
  autoInstallPeers: true
  excludeLinksFromLockfile: false

importers:

  .:
    dependencies:
      '@stacks/network':
        specifier: ^7.6.0
        version: 7.6.0
      '@stacks/transactions':
        specifier: ^7.6.0
        version: 7.6.0

packages:

  '@noble/hashes@1.1.5':
    resolution: {integrity: sha512-LTMZiiLc+V4v1Yi16TD6aX2gmtKszNye0pQgbaLqkvhIqP7nVsSaJsWloGQjJfJ8offaoP5GtX3yY5swbcJxxQ==}

  '@noble/secp256k1@1.7.1':
    resolution: {integrity: sha512-hOUk6AyBFmqVrv7k5WAw/LpszxVbj9gGN4JRkIX52fdFAj1UA61KXmZDvqVEm+pOyec3+fIeZB02LYa/pWOArw==}

  '@stacks/common@7.6.0':
    resolution: {integrity: sha512-VUW8WDmZP4wXUNWVvpFerV+7LQ0PqIn8YOs8AjSUMA7ZOXIRLxJHoKxjfiHzJqazy7KlyryPW4kSNBCr7tLqhQ==}

  '@stacks/network@7.6.0':
    resolution: {integrity: sha512-Blm85nsEbvJoFIFaDp0QE9WMC0Hf+o3Yb0oIDwWu3PPgpVSdndb/bJQUeT6eJTs0ibS26A2E/5d5L0fb4Ff/lA==}

  '@stacks/transactions@7.6.0':
    resolution: {integrity: sha512-s7F7eJtQVnZoB79j8pY9SLKhlvvdYZZD1NSDRWrFjzSJTDmxptL8c50S563WFja6KOhFOgg1jd+p0XWTxFAVyA==}

  base-x@4.0.1:
    resolution: {integrity: sha512-uAZ8x6r6S3aUM9rbHGVOIsR15U/ZSc82b3ymnCPsT45Gk1DDvhDPdIgB5MrhirZWt+5K0EEPQH985kNqZgNPFw==}

  c32check@2.0.0:
    resolution: {integrity: sha512-rpwfAcS/CMqo0oCqDf3r9eeLgScRE3l/xHDCXhM3UyrfvIn7PrLq63uHh7yYbv8NzaZn5MVsVhIRpQ+5GZ5HyA==}
    engines: {node: '>=8'}

  cross-fetch@3.2.0:
    resolution: {integrity: sha512-Q+xVJLoGOeIMXZmbUK4HYk+69cQH6LudR0Vu/pRm2YlU/hDV9CiS0gKUMaWY5f2NeUH9C1nV3bsTlCo0FsTV1Q==}

  lodash.clonedeep@4.5.0:
    resolution: {integrity: sha512-H5ZhCF25riFd9uB5UCkVKo61m3S/xZk1x4wA6yp/L3RFP6Z/eHH1ymQcGLo7J3GMPfm0V/7m1tryHuGVxpqEBQ==}

  node-fetch@2.7.0:
    resolution: {integrity: sha512-c4FRfUm/dbcWZ7U+1Wq0AwCyFL+3nt2bEw05wfxSz+DWpWsitgmSgYmy2dQdWyKC1694ELPqMs/YzUSNozLt8A==}
    engines: {node: 4.x || >=6.0.0}
    peerDependencies:
      encoding: ^0.1.0
    peerDependenciesMeta:
      encoding:
        optional: true

  tr46@0.0.3:
    resolution: {integrity: sha512-N3WMsuqV66lT30CrXNbEjx4GEwlow3v6rr4mCcv6prnfwhS01rkgyFdjPNBYd9br7LpXV1+Emh01fHnq2Gdgrw==}

  webidl-conversions@3.0.1:
    resolution: {integrity: sha512-2JAn3z8AR6rjK8Sm8orRC0h/bcl/DqL7tRPdGZ4I1CjdF+EaMLmYxBHyXuKL849eucPFhvBoxMsflfOb8kxaeQ==}

  whatwg-url@5.0.0:
    resolution: {integrity: sha512-saE57nupxk6v3HY35+jzBwYa0rKSy0XR8JSxZPwgLr7ys0IBzhGviA1/TUGJLmSVqs8pb9AnvICXEuOHLprYTw==}

snapshots:

  '@noble/hashes@1.1.5': {}

  '@noble/secp256k1@1.7.1': {}

  '@stacks/common@7.6.0': {}

  '@stacks/network@7.6.0':
    dependencies:
      '@stacks/common': 7.6.0
      cross-fetch: 3.2.0
    transitivePeerDependencies:
      - encoding

  '@stacks/transactions@7.6.0':
    dependencies:
      '@noble/hashes': 1.1.5
      '@noble/secp256k1': 1.7.1
      '@stacks/common': 7.6.0
      '@stacks/network': 7.6.0
      c32check: 2.0.0
      lodash.clonedeep: 4.5.0
    transitivePeerDependencies:
      - encoding

  base-x@4.0.1: {}

  c32check@2.0.0:
    dependencies:
      '@noble/hashes': 1.1.5
      base-x: 4.0.1

  cross-fetch@3.2.0:
    dependencies:
      node-fetch: 2.7.0
    transitivePeerDependencies:
      - encoding

  lodash.clonedeep@4.5.0: {}

  node-fetch@2.7.0:
    dependencies:
      whatwg-url: 5.0.0

  tr46@0.0.3: {}

  webidl-conversions@3.0.1: {}

  whatwg-url@5.0.0:
    dependencies:
      tr46: 0.0.3
      webidl-conversions: 3.0.1
